
Microsoft Visual Studio Solution File, Format Version 12.00
# Visual Studio 14
VisualStudioVersion = 14.0.23107.0
MinimumVisualStudioVersion = 10.0.40219.1
Project("{F184B08F-C81C-45F6-A57F-5ABD9991F28F}") = "Wireframes", "Wireframes\Wireframes.vbproj", "{D44D1F12-F17D-4EA8-AB65-8D353100FE42}"
EndProject
Project("{2150E333-8FDC-42A3-9474-1A3956D46DE8}") = "Solution Items", "Solution Items", "{B65E29C9-8644-4F01-9B63-896C196E85B8}"
EndProject
Global
	GlobalSection(SolutionConfigurationPlatforms) = preSolution
		Debug|x86 = Debug|x86
		Release|x86 = Release|x86
	EndGlobalSection
	GlobalSection(ProjectConfigurationPlatforms) = postSolution
		{D44D1F12-F17D-4EA8-AB65-8D353100FE42}.Debug|x86.ActiveCfg = Debug|x86
		{D44D1F12-F17D-4EA8-AB65-8D353100FE42}.Debug|x86.Build.0 = Debug|x86
		{D44D1F12-F17D-4EA8-AB65-8D353100FE42}.Release|x86.ActiveCfg = Release|x86
		{D44D1F12-F17D-4EA8-AB65-8D353100FE42}.Release|x86.Build.0 = Release|x86
	EndGlobalSection
	GlobalSection(SolutionProperties) = preSolution
		HideSolutionNode = FALSE
	EndGlobalSection
EndGlobal
